{
  "name": "fastcampus",
  "lockfileVersion": 3,
  "requires": true,
  "packages": {
    "": {
      "dependencies": {
        "srt-parse-to": "^2.1.1"
      }
    },
    "node_modules/srt-parse-to": {
      "version": "2.1.1",
      "resolved": "https://registry.npmjs.org/srt-parse-to/-/srt-parse-to-2.1.1.tgz",
      "integrity": "sha512-2cKJaYlmkF6NrEugPJIDY5cAliGb7kiC19FUaioRbvxQ2CPwaprAGM+OkTjPXkXnNtAaNdstP3o/ShHTFAv/PA=="
    }
  }
}
